
Microsoft Visual Studio Solution File, Format Version 12.00
# Visual Studio Version 17
VisualStudioVersion = 17.5.33530.505
MinimumVisualStudioVersion = 10.0.40219.1
Project("{8BC9CEB8-8B4A-11D0-8D11-00A0C91BC942}") = "ControlClient", "ControlClient.vcxproj", "{A64EDE59-9E7A-4FB8-9725-854219E396D3}"
EndProject
Global
	GlobalSection(SolutionConfigurationPlatforms) = preSolution
		Debug|x64 = Debug|x64
		Debug|x86 = Debug|x86
		Release|x64 = Release|x64
		Release|x86 = Release|x86
	EndGlobalSection
	GlobalSection(ProjectConfigurationPlatforms) = postSolution
		{A64EDE59-9E7A-4FB8-9725-854219E396D3}.Debug|x64.ActiveCfg = Debug|x64
		{A64EDE59-9E7A-4FB8-9725-854219E396D3}.Debug|x64.Build.0 = Debug|x64
		{A64EDE59-9E7A-4FB8-9725-854219E396D3}.Debug|x86.ActiveCfg = Debug|Win32
		{A64EDE59-9E7A-4FB8-9725-854219E396D3}.Debug|x86.Build.0 = Debug|Win32
		{A64EDE59-9E7A-4FB8-9725-854219E396D3}.Release|x64.ActiveCfg = Release|x64
		{A64EDE59-9E7A-4FB8-9725-854219E396D3}.Release|x64.Build.0 = Release|x64
		{A64EDE59-9E7A-4FB8-9725-854219E396D3}.Release|x86.ActiveCfg = Release|Win32
		{A64EDE59-9E7A-4FB8-9725-854219E396D3}.Release|x86.Build.0 = Release|Win32
	EndGlobalSection
	GlobalSection(SolutionProperties) = preSolution
		HideSolutionNode = FALSE
	EndGlobalSection
	GlobalSection(ExtensibilityGlobals) = postSolution
		SolutionGuid = {B8689D4F-8C83-4D5C-A526-BC655E03802A}
	EndGlobalSection
EndGlobal
